
Microsoft Visual Studio Solution File, Format Version 12.00
# Visual Studio Version 17
VisualStudioVersion = 17.5.002.0
MinimumVisualStudioVersion = 10.0.40219.1
Project("{9A19103F-16F7-4668-BE54-9A1E7A4F7556}") = "Aula03", "Aula03.csproj", "{2329EE75-9E17-4DBA-88CE-C8B179D40943}"
EndProject
Global
	GlobalSection(SolutionConfigurationPlatforms) = preSolution
		Debug|Any CPU = Debug|Any CPU
		Release|Any CPU = Release|Any CPU
	EndGlobalSection
	GlobalSection(ProjectConfigurationPlatforms) = postSolution
		{2329EE75-9E17-4DBA-88CE-C8B179D40943}.Debug|Any CPU.ActiveCfg = Debug|Any CPU
		{2329EE75-9E17-4DBA-88CE-C8B179D40943}.Debug|Any CPU.Build.0 = Debug|Any CPU
		{2329EE75-9E17-4DBA-88CE-C8B179D40943}.Release|Any CPU.ActiveCfg = Release|Any CPU
		{2329EE75-9E17-4DBA-88CE-C8B179D40943}.Release|Any CPU.Build.0 = Release|Any CPU
	EndGlobalSection
	GlobalSection(SolutionProperties) = preSolution
		HideSolutionNode = FALSE
	EndGlobalSection
	GlobalSection(ExtensibilityGlobals) = postSolution
		SolutionGuid = {C84532A7-09DA-4E41-9DF3-F06BB460FDAE}
	EndGlobalSection
EndGlobal
